// !$*UTF8*$!
{
	archiveVersion = 1;
	classes = {
	};
	objectVersion = 56;
	objects = {

/* Begin PBXBuildFile section */
		8410D5EE29DB3EA700507B80 /* landmarkData.json in Resources */ = {isa = PBXBuildFile; fileRef = 8410D5ED29DB3EA700507B80 /* landmarkData.json */; };
		8410D5F029DB3F4D00507B80 /* Landmark.swift in Sources */ = {isa = PBXBuildFile; fileRef = 8410D5EF29DB3F4D00507B80 /* Landmark.swift */; };
		8410D5FC29DB49D600507B80 /* chilkoottrail@2x.jpg in Resources */ = {isa = PBXBuildFile; fileRef = 8410D5F129DB49D500507B80 /* chilkoottrail@2x.jpg */; };
		8410D5FD29DB49D600507B80 /* charleyrivers@2x.jpg in Resources */ = {isa = PBXBuildFile; fileRef = 8410D5F229DB49D500507B80 /* charleyrivers@2x.jpg */; };
		8410D5FE29DB49D600507B80 /* hiddenlake@2x.jpg in Resources */ = {isa = PBXBuildFile; fileRef = 8410D5F329DB49D500507B80 /* hiddenlake@2x.jpg */; };
		8410D5FF29DB49D600507B80 /* chincoteague@2x.jpg in Resources */ = {isa = PBXBuildFile; fileRef = 8410D5F429DB49D600507B80 /* chincoteague@2x.jpg */; };
		8410D60029DB49D600507B80 /* lakemcdonald@2x.jpg in Resources */ = {isa = PBXBuildFile; fileRef = 8410D5F529DB49D600507B80 /* lakemcdonald@2x.jpg */; };
		8410D60129DB49D600507B80 /* icybay@2x.jpg in Resources */ = {isa = PBXBuildFile; fileRef = 8410D5F629DB49D600507B80 /* icybay@2x.jpg */; };
		8410D60229DB49D600507B80 /* rainbowlake@2x.jpg in Resources */ = {isa = PBXBuildFile; fileRef = 8410D5F729DB49D600507B80 /* rainbowlake@2x.jpg */; };
		8410D60329DB49D600507B80 /* silversalmoncreek@2x.jpg in Resources */ = {isa = PBXBuildFile; fileRef = 8410D5F829DB49D600507B80 /* silversalmoncreek@2x.jpg */; };
		8410D60429DB49D600507B80 /* stmarylake@2x.jpg in Resources */ = {isa = PBXBuildFile; fileRef = 8410D5F929DB49D600507B80 /* stmarylake@2x.jpg */; };
		8410D60529DB49D600507B80 /* twinlake@2x.jpg in Resources */ = {isa = PBXBuildFile; fileRef = 8410D5FA29DB49D600507B80 /* twinlake@2x.jpg */; };
		8410D60629DB49D600507B80 /* umbagog@2x.jpg in Resources */ = {isa = PBXBuildFile; fileRef = 8410D5FB29DB49D600507B80 /* umbagog@2x.jpg */; };
		8410D60829DB58F600507B80 /* ModelData.swift in Sources */ = {isa = PBXBuildFile; fileRef = 8410D60729DB58F600507B80 /* ModelData.swift */; };
		8410D60D29DB60CC00507B80 /* LandmarkRow.swift in Sources */ = {isa = PBXBuildFile; fileRef = 8410D60C29DB60CC00507B80 /* LandmarkRow.swift */; };
		8410D60F29DB65CB00507B80 /* LandmarkList.swift in Sources */ = {isa = PBXBuildFile; fileRef = 8410D60E29DB65CB00507B80 /* LandmarkList.swift */; };
		8493597F29DA4C9E00DB3CAE /* LandmarksApp.swift in Sources */ = {isa = PBXBuildFile; fileRef = 8493597E29DA4C9E00DB3CAE /* LandmarksApp.swift */; };
		8493598129DA4C9E00DB3CAE /* ContentView.swift in Sources */ = {isa = PBXBuildFile; fileRef = 8493598029DA4C9E00DB3CAE /* ContentView.swift */; };
		8493598329DA4CA000DB3CAE /* Assets.xcassets in Resources */ = {isa = PBXBuildFile; fileRef = 8493598229DA4CA000DB3CAE /* Assets.xcassets */; };
		8493598629DA4CA000DB3CAE /* Preview Assets.xcassets in Resources */ = {isa = PBXBuildFile; fileRef = 8493598529DA4CA000DB3CAE /* Preview Assets.xcassets */; };
		8493598F29DA686400DB3CAE /* CircleImage.swift in Sources */ = {isa = PBXBuildFile; fileRef = 8493598E29DA686400DB3CAE /* CircleImage.swift */; };
		8493599129DA69FC00DB3CAE /* turtlerock.jpg in Resources */ = {isa = PBXBuildFile; fileRef = 8493599029DA69FB00DB3CAE /* turtlerock.jpg */; };
		8493599329DA6DC000DB3CAE /* MapView.swift in Sources */ = {isa = PBXBuildFile; fileRef = 8493599229DA6DC000DB3CAE /* MapView.swift */; };
/* End PBXBuildFile section */

/* Begin PBXFileReference section */
		8410D5ED29DB3EA700507B80 /* landmarkData.json */ = {isa = PBXFileReference; fileEncoding = 4; lastKnownFileType = text.json; path = landmarkData.json; sourceTree = "<group>"; };
		8410D5EF29DB3F4D00507B80 /* Landmark.swift */ = {isa = PBXFileReference; lastKnownFileType = sourcecode.swift; path = Landmark.swift; sourceTree = "<group>"; };
		8410D5F129DB49D500507B80 /* chilkoottrail@2x.jpg */ = {isa = PBXFileReference; lastKnownFileType = image.jpeg; path = "chilkoottrail@2x.jpg"; sourceTree = "<group>"; };
		8410D5F229DB49D500507B80 /* charleyrivers@2x.jpg */ = {isa = PBXFileReference; lastKnownFileType = image.jpeg; path = "charleyrivers@2x.jpg"; sourceTree = "<group>"; };
		8410D5F329DB49D500507B80 /* hiddenlake@2x.jpg */ = {isa = PBXFileReference; lastKnownFileType = image.jpeg; path = "hiddenlake@2x.jpg"; sourceTree = "<group>"; };
		8410D5F429DB49D600507B80 /* chincoteague@2x.jpg */ = {isa = PBXFileReference; lastKnownFileType = image.jpeg; path = "chincoteague@2x.jpg"; sourceTree = "<group>"; };
		8410D5F529DB49D600507B80 /* lakemcdonald@2x.jpg */ = {isa = PBXFileReference; lastKnownFileType = image.jpeg; path = "lakemcdonald@2x.jpg"; sourceTree = "<group>"; };
		8410D5F629DB49D600507B80 /* icybay@2x.jpg */ = {isa = PBXFileReference; lastKnownFileType = image.jpeg; path = "icybay@2x.jpg"; sourceTree = "<group>"; };
		8410D5F729DB49D600507B80 /* rainbowlake@2x.jpg */ = {isa = PBXFileReference; lastKnownFileType = image.jpeg; path = "rainbowlake@2x.jpg"; sourceTree = "<group>"; };
		8410D5F829DB49D600507B80 /* silversalmoncreek@2x.jpg */ = {isa = PBXFileReference; lastKnownFileType = image.jpeg; path = "silversalmoncreek@2x.jpg"; sourceTree = "<group>"; };
		8410D5F929DB49D600507B80 /* stmarylake@2x.jpg */ = {isa = PBXFileReference; lastKnownFileType = image.jpeg; path = "stmarylake@2x.jpg"; sourceTree = "<group>"; };
		8410D5FA29DB49D600507B80 /* twinlake@2x.jpg */ = {isa = PBXFileReference; lastKnownFileType = image.jpeg; path = "twinlake@2x.jpg"; sourceTree = "<group>"; };
		8410D5FB29DB49D600507B80 /* umbagog@2x.jpg */ = {isa = PBXFileReference; lastKnownFileType = image.jpeg; path = "umbagog@2x.jpg"; sourceTree = "<group>"; };
		8410D60729DB58F600507B80 /* ModelData.swift */ = {isa = PBXFileReference; lastKnownFileType = sourcecode.swift; path = ModelData.swift; sourceTree = "<group>"; };
		8410D60C29DB60CC00507B80 /* LandmarkRow.swift */ = {isa = PBXFileReference; lastKnownFileType = sourcecode.swift; path = LandmarkRow.swift; sourceTree = "<group>"; };
		8410D60E29DB65CB00507B80 /* LandmarkList.swift */ = {isa = PBXFileReference; lastKnownFileType = sourcecode.swift; path = LandmarkList.swift; sourceTree = "<group>"; };
		8493597B29DA4C9E00DB3CAE /* Landmarks.app */ = {isa = PBXFileReference; explicitFileType = wrapper.application; includeInIndex = 0; path = Landmarks.app; sourceTree = BUILT_PRODUCTS_DIR; };
		8493597E29DA4C9E00DB3CAE /* LandmarksApp.swift */ = {isa = PBXFileReference; lastKnownFileType = sourcecode.swift; path = LandmarksApp.swift; sourceTree = "<group>"; };
		8493598029DA4C9E00DB3CAE /* ContentView.swift */ = {isa = PBXFileReference; lastKnownFileType = sourcecode.swift; path = ContentView.swift; sourceTree = "<group>"; tabWidth = 4; };
		8493598229DA4CA000DB3CAE /* Assets.xcassets */ = {isa = PBXFileReference; lastKnownFileType = folder.assetcatalog; path = Assets.xcassets; sourceTree = "<group>"; };
		8493598529DA4CA000DB3CAE /* Preview Assets.xcassets */ = {isa = PBXFileReference; lastKnownFileType = folder.assetcatalog; path = "Preview Assets.xcassets"; sourceTree = "<group>"; };
		8493598E29DA686400DB3CAE /* CircleImage.swift */ = {isa = PBXFileReference; lastKnownFileType = sourcecode.swift; path = CircleImage.swift; sourceTree = "<group>"; };
		8493599029DA69FB00DB3CAE /* turtlerock.jpg */ = {isa = PBXFileReference; lastKnownFileType = image.jpeg; path = turtlerock.jpg; sourceTree = "<group>"; };
		8493599229DA6DC000DB3CAE /* MapView.swift */ = {isa = PBXFileReference; lastKnownFileType = sourcecode.swift; path = MapView.swift; sourceTree = "<group>"; };
/* End PBXFileReference section */

/* Begin PBXFrameworksBuildPhase section */
		8493597829DA4C9E00DB3CAE /* Frameworks */ = {
			isa = PBXFrameworksBuildPhase;
			buildActionMask = 2147483647;
			files = (
			);
			runOnlyForDeploymentPostprocessing = 0;
		};
/* End PBXFrameworksBuildPhase section */

/* Begin PBXGroup section */
		8410D60929DB5BBD00507B80 /* Views */ = {
			isa = PBXGroup;
			children = (
				8410D60C29DB60CC00507B80 /* LandmarkRow.swift */,
				8410D60E29DB65CB00507B80 /* LandmarkList.swift */,
				8493598029DA4C9E00DB3CAE /* ContentView.swift */,
				8493598E29DA686400DB3CAE /* CircleImage.swift */,
				8493599229DA6DC000DB3CAE /* MapView.swift */,
			);
			path = Views;
			sourceTree = "<group>";
		};
		8410D60A29DB5BF800507B80 /* Resources */ = {
			isa = PBXGroup;
			children = (
				8410D5ED29DB3EA700507B80 /* landmarkData.json */,
			);
			path = Resources;
			sourceTree = "<group>";
		};
		8410D60B29DB5CA700507B80 /* Model */ = {
			isa = PBXGroup;
			children = (
				8410D5EF29DB3F4D00507B80 /* Landmark.swift */,
				8410D60729DB58F600507B80 /* ModelData.swift */,
			);
			path = Model;
			sourceTree = "<group>";
		};
		8493597229DA4C9E00DB3CAE = {
			isa = PBXGroup;
			children = (
				8493597D29DA4C9E00DB3CAE /* Landmarks */,
				8493597C29DA4C9E00DB3CAE /* Products */,
			);
			sourceTree = "<group>";
		};
		8493597C29DA4C9E00DB3CAE /* Products */ = {
			isa = PBXGroup;
			children = (
				8493597B29DA4C9E00DB3CAE /* Landmarks.app */,
			);
			name = Products;
			sourceTree = "<group>";
		};
		8493597D29DA4C9E00DB3CAE /* Landmarks */ = {
			isa = PBXGroup;
			children = (
				8493597E29DA4C9E00DB3CAE /* LandmarksApp.swift */,
				8410D60929DB5BBD00507B80 /* Views */,
				8410D60B29DB5CA700507B80 /* Model */,
				8410D60A29DB5BF800507B80 /* Resources */,
				8493598229DA4CA000DB3CAE /* Assets.xcassets */,
				8410D5F229DB49D500507B80 /* charleyrivers@2x.jpg */,
				8410D5F129DB49D500507B80 /* chilkoottrail@2x.jpg */,
				8410D5F429DB49D600507B80 /* chincoteague@2x.jpg */,
				8410D5F329DB49D500507B80 /* hiddenlake@2x.jpg */,
				8410D5F629DB49D600507B80 /* icybay@2x.jpg */,
				8410D5F529DB49D600507B80 /* lakemcdonald@2x.jpg */,
				8410D5F729DB49D600507B80 /* rainbowlake@2x.jpg */,
				8410D5F829DB49D600507B80 /* silversalmoncreek@2x.jpg */,
				8410D5F929DB49D600507B80 /* stmarylake@2x.jpg */,
				8410D5FA29DB49D600507B80 /* twinlake@2x.jpg */,
				8410D5FB29DB49D600507B80 /* umbagog@2x.jpg */,
				8493599029DA69FB00DB3CAE /* turtlerock.jpg */,
				8493598429DA4CA000DB3CAE /* Preview Content */,
			);
			path = Landmarks;
			sourceTree = "<group>";
		};
		8493598429DA4CA000DB3CAE /* Preview Content */ = {
			isa = PBXGroup;
			children = (
				8493598529DA4CA000DB3CAE /* Preview Assets.xcassets */,
			);
			path = "Preview Content";
			sourceTree = "<group>";
		};
/* End PBXGroup section */

/* Begin PBXNativeTarget section */
		8493597A29DA4C9E00DB3CAE /* Landmarks */ = {
			isa = PBXNativeTarget;
			buildConfigurationList = 8493598929DA4CA000DB3CAE /* Build configuration list for PBXNativeTarget "Landmarks" */;
			buildPhases = (
				8493597729DA4C9E00DB3CAE /* Sources */,
				8493597829DA4C9E00DB3CAE /* Frameworks */,
				8493597929DA4C9E00DB3CAE /* Resources */,
			);
			buildRules = (
			);
			dependencies = (
			);
			name = Landmarks;
			productName = Landmarks;
			productReference = 8493597B29DA4C9E00DB3CAE /* Landmarks.app */;
			productType = "com.apple.product-type.application";
		};
/* End PBXNativeTarget section */

/* Begin PBXProject section */
		8493597329DA4C9E00DB3CAE /* Project object */ = {
			isa = PBXProject;
			attributes = {
				BuildIndependentTargetsInParallel = 1;
				LastSwiftUpdateCheck = 1430;
				LastUpgradeCheck = 1430;
				TargetAttributes = {
					8493597A29DA4C9E00DB3CAE = {
						CreatedOnToolsVersion = 14.3;
					};
				};
			};
			buildConfigurationList = 8493597629DA4C9E00DB3CAE /* Build configuration list for PBXProject "Landmarks" */;
			compatibilityVersion = "Xcode 14.0";
			developmentRegion = en;
			hasScannedForEncodings = 0;
			knownRegions = (
				en,
				Base,
			);
			mainGroup = 8493597229DA4C9E00DB3CAE;
			productRefGroup = 8493597C29DA4C9E00DB3CAE /* Products */;
			projectDirPath = "";
			projectRoot = "";
			targets = (
				8493597A29DA4C9E00DB3CAE /* Landmarks */,
			);
		};
/* End PBXProject section */

/* Begin PBXResourcesBuildPhase section */
		8493597929DA4C9E00DB3CAE /* Resources */ = {
			isa = PBXResourcesBuildPhase;
			buildActionMask = 2147483647;
			files = (
				8410D60629DB49D600507B80 /* umbagog@2x.jpg in Resources */,
				8493598629DA4CA000DB3CAE /* Preview Assets.xcassets in Resources */,
				8410D60129DB49D600507B80 /* icybay@2x.jpg in Resources */,
				8410D60429DB49D600507B80 /* stmarylake@2x.jpg in Resources */,
				8410D60329DB49D600507B80 /* silversalmoncreek@2x.jpg in Resources */,
				8410D5FE29DB49D600507B80 /* hiddenlake@2x.jpg in Resources */,
				8410D60029DB49D600507B80 /* lakemcdonald@2x.jpg in Resources */,
				8410D5EE29DB3EA700507B80 /* landmarkData.json in Resources */,
				8410D5FF29DB49D600507B80 /* chincoteague@2x.jpg in Resources */,
				8410D5FD29DB49D600507B80 /* charleyrivers@2x.jpg in Resources */,
				8410D60529DB49D600507B80 /* twinlake@2x.jpg in Resources */,
				8410D60229DB49D600507B80 /* rainbowlake@2x.jpg in Resources */,
				8493598329DA4CA000DB3CAE /* Assets.xcassets in Resources */,
				8493599129DA69FC00DB3CAE /* turtlerock.jpg in Resources */,
				8410D5FC29DB49D600507B80 /* chilkoottrail@2x.jpg in Resources */,
			);
			runOnlyForDeploymentPostprocessing = 0;
		};
/* End PBXResourcesBuildPhase section */

/* Begin PBXSourcesBuildPhase section */
		8493597729DA4C9E00DB3CAE /* Sources */ = {
			isa = PBXSourcesBuildPhase;
			buildActionMask = 2147483647;
			files = (
				8493598129DA4C9E00DB3CAE /* ContentView.swift in Sources */,
				8493599329DA6DC000DB3CAE /* MapView.swift in Sources */,
				8493597F29DA4C9E00DB3CAE /* LandmarksApp.swift in Sources */,
				8410D60F29DB65CB00507B80 /* LandmarkList.swift in Sources */,
				8493598F29DA686400DB3CAE /* CircleImage.swift in Sources */,
				8410D5F029DB3F4D00507B80 /* Landmark.swift in Sources */,
				8410D60D29DB60CC00507B80 /* LandmarkRow.swift in Sources */,
				8410D60829DB58F600507B80 /* ModelData.swift in Sources */,
			);
			runOnlyForDeploymentPostprocessing = 0;
		};
/* End PBXSourcesBuildPhase section */

/* Begin XCBuildConfiguration section */
		8493598729DA4CA000DB3CAE /* Debug */ = {
			isa = XCBuildConfiguration;
			buildSettings = {
				ALWAYS_SEARCH_USER_PATHS = NO;
				CLANG_ANALYZER_NONNULL = YES;
				CLANG_ANALYZER_NUMBER_OBJECT_CONVERSION = YES_AGGRESSIVE;
				CLANG_CXX_LANGUAGE_STANDARD = "gnu++20";
				CLANG_ENABLE_MODULES = YES;
				CLANG_ENABLE_OBJC_ARC = YES;
				CLANG_ENABLE_OBJC_WEAK = YES;
				CLANG_WARN_BLOCK_CAPTURE_AUTORELEASING = YES;
				CLANG_WARN_BOOL_CONVERSION = YES;
				CLANG_WARN_COMMA = YES;
				CLANG_WARN_CONSTANT_CONVERSION = YES;
				CLANG_WARN_DEPRECATED_OBJC_IMPLEMENTATIONS = YES;
				CLANG_WARN_DIRECT_OBJC_ISA_USAGE = YES_ERROR;
				CLANG_WARN_DOCUMENTATION_COMMENTS = YES;
				CLANG_WARN_EMPTY_BODY = YES;
				CLANG_WARN_ENUM_CONVERSION = YES;
				CLANG_WARN_INFINITE_RECURSION = YES;
				CLANG_WARN_INT_CONVERSION = YES;
				CLANG_WARN_NON_LITERAL_NULL_CONVERSION = YES;
				CLANG_WARN_OBJC_IMPLICIT_RETAIN_SELF = YES;
				CLANG_WARN_OBJC_LITERAL_CONVERSION = YES;
				CLANG_WARN_OBJC_ROOT_CLASS = YES_ERROR;
				CLANG_WARN_QUOTED_INCLUDE_IN_FRAMEWORK_HEADER = YES;
				CLANG_WARN_RANGE_LOOP_ANALYSIS = YES;
				CLANG_WARN_STRICT_PROTOTYPES = YES;
				CLANG_WARN_SUSPICIOUS_MOVE = YES;
				CLANG_WARN_UNGUARDED_AVAILABILITY = YES_AGGRESSIVE;
				CLANG_WARN_UNREACHABLE_CODE = YES;
				CLANG_WARN__DUPLICATE_METHOD_MATCH = YES;
				COPY_PHASE_STRIP = NO;
				DEBUG_INFORMATION_FORMAT = dwarf;
				ENABLE_STRICT_OBJC_MSGSEND = YES;
				ENABLE_TESTABILITY = YES;
				GCC_C_LANGUAGE_STANDARD = gnu11;
				GCC_DYNAMIC_NO_PIC = NO;
				GCC_NO_COMMON_BLOCKS = YES;
				GCC_OPTIMIZATION_LEVEL = 0;
				GCC_PREPROCESSOR_DEFINITIONS = (
					"DEBUG=1",
					"$(inherited)",
				);
				GCC_WARN_64_TO_32_BIT_CONVERSION = YES;
				GCC_WARN_ABOUT_RETURN_TYPE = YES_ERROR;
				GCC_WARN_UNDECLARED_SELECTOR = YES;
				GCC_WARN_UNINITIALIZED_AUTOS = YES_AGGRESSIVE;
				GCC_WARN_UNUSED_FUNCTION = YES;
				GCC_WARN_UNUSED_VARIABLE = YES;
				IPHONEOS_DEPLOYMENT_TARGET = 16.4;
				MTL_ENABLE_DEBUG_INFO = INCLUDE_SOURCE;
				MTL_FAST_MATH = YES;
				ONLY_ACTIVE_ARCH = YES;
				SDKROOT = iphoneos;
				SWIFT_ACTIVE_COMPILATION_CONDITIONS = DEBUG;
				SWIFT_OPTIMIZATION_LEVEL = "-Onone";
			};
			name = Debug;
		};
		8493598829DA4CA000DB3CAE /* Release */ = {
			isa = XCBuildConfiguration;
			buildSettings = {
				ALWAYS_SEARCH_USER_PATHS = NO;
				CLANG_ANALYZER_NONNULL = YES;
				CLANG_ANALYZER_NUMBER_OBJECT_CONVERSION = YES_AGGRESSIVE;
				CLANG_CXX_LANGUAGE_STANDARD = "gnu++20";
				CLANG_ENABLE_MODULES = YES;
				CLANG_ENABLE_OBJC_ARC = YES;
				CLANG_ENABLE_OBJC_WEAK = YES;
				CLANG_WARN_BLOCK_CAPTURE_AUTORELEASING = YES;
				CLANG_WARN_BOOL_CONVERSION = YES;
				CLANG_WARN_COMMA = YES;
				CLANG_WARN_CONSTANT_CONVERSION = YES;
				CLANG_WARN_DEPRECATED_OBJC_IMPLEMENTATIONS = YES;
				CLANG_WARN_DIRECT_OBJC_ISA_USAGE = YES_ERROR;
				CLANG_WARN_DOCUMENTATION_COMMENTS = YES;
				CLANG_WARN_EMPTY_BODY = YES;
				CLANG_WARN_ENUM_CONVERSION = YES;
				CLANG_WARN_INFINITE_RECURSION = YES;
				CLANG_WARN_INT_CONVERSION = YES;
				CLANG_WARN_NON_LITERAL_NULL_CONVERSION = YES;
				CLANG_WARN_OBJC_IMPLICIT_RETAIN_SELF = YES;
				CLANG_WARN_OBJC_LITERAL_CONVERSION = YES;
				CLANG_WARN_OBJC_ROOT_CLASS = YES_ERROR;
				CLANG_WARN_QUOTED_INCLUDE_IN_FRAMEWORK_HEADER = YES;
				CLANG_WARN_RANGE_LOOP_ANALYSIS = YES;
				CLANG_WARN_STRICT_PROTOTYPES = YES;
				CLANG_WARN_SUSPICIOUS_MOVE = YES;
				CLANG_WARN_UNGUARDED_AVAILABILITY = YES_AGGRESSIVE;
				CLANG_WARN_UNREACHABLE_CODE = YES;
				CLANG_WARN__DUPLICATE_METHOD_MATCH = YES;
				COPY_PHASE_STRIP = NO;
				DEBUG_INFORMATION_FORMAT = "dwarf-with-dsym";
				ENABLE_NS_ASSERTIONS = NO;
				ENABLE_STRICT_OBJC_MSGSEND = YES;
				GCC_C_LANGUAGE_STANDARD = gnu11;
				GCC_NO_COMMON_BLOCKS = YES;
				GCC_WARN_64_TO_32_BIT_CONVERSION = YES;
				GCC_WARN_ABOUT_RETURN_TYPE = YES_ERROR;
				GCC_WARN_UNDECLARED_SELECTOR = YES;
				GCC_WARN_UNINITIALIZED_AUTOS = YES_AGGRESSIVE;
				GCC_WARN_UNUSED_FUNCTION = YES;
				GCC_WARN_UNUSED_VARIABLE = YES;
				IPHONEOS_DEPLOYMENT_TARGET = 16.4;
				MTL_ENABLE_DEBUG_INFO = NO;
				MTL_FAST_MATH = YES;
				SDKROOT = iphoneos;
				SWIFT_COMPILATION_MODE = wholemodule;
				SWIFT_OPTIMIZATION_LEVEL = "-O";
				VALIDATE_PRODUCT = YES;
			};
			name = Release;
		};
		8493598A29DA4CA000DB3CAE /* Debug */ = {
			isa = XCBuildConfiguration;
			buildSettings = {
				ASSETCATALOG_COMPILER_APPICON_NAME = AppIcon;
				ASSETCATALOG_COMPILER_GLOBAL_ACCENT_COLOR_NAME = AccentColor;
				CODE_SIGN_STYLE = Automatic;
				CURRENT_PROJECT_VERSION = 1;
				DEVELOPMENT_ASSET_PATHS = "\"Landmarks/Preview Content\"";
				DEVELOPMENT_TEAM = 2688MGND28;
				ENABLE_PREVIEWS = YES;
				GENERATE_INFOPLIST_FILE = YES;
				INFOPLIST_KEY_UIApplicationSceneManifest_Generation = YES;
				INFOPLIST_KEY_UIApplicationSupportsIndirectInputEvents = YES;
				INFOPLIST_KEY_UILaunchScreen_Generation = YES;
				INFOPLIST_KEY_UISupportedInterfaceOrientations_iPad = "UIInterfaceOrientationPortrait UIInterfaceOrientationPortraitUpsideDown UIInterfaceOrientationLandscapeLeft UIInterfaceOrientationLandscapeRight";
				INFOPLIST_KEY_UISupportedInterfaceOrientations_iPhone = "UIInterfaceOrientationPortrait UIInterfaceOrientationLandscapeLeft UIInterfaceOrientationLandscapeRight";
				LD_RUNPATH_SEARCH_PATHS = (
					"$(inherited)",
					"@executable_path/Frameworks",
				);
				MARKETING_VERSION = 1.0;
				PRODUCT_BUNDLE_IDENTIFIER = br.com.ECorp.Landmarks;
				PRODUCT_NAME = "$(TARGET_NAME)";
				SWIFT_EMIT_LOC_STRINGS = YES;
				SWIFT_VERSION = 5.0;
				TARGETED_DEVICE_FAMILY = "1,2";
			};
			name = Debug;
		};
		8493598B29DA4CA000DB3CAE /* Release */ = {
			isa = XCBuildConfiguration;
			buildSettings = {
				ASSETCATALOG_COMPILER_APPICON_NAME = AppIcon;
				ASSETCATALOG_COMPILER_GLOBAL_ACCENT_COLOR_NAME = AccentColor;
				CODE_SIGN_STYLE = Automatic;
				CURRENT_PROJECT_VERSION = 1;
				DEVELOPMENT_ASSET_PATHS = "\"Landmarks/Preview Content\"";
				DEVELOPMENT_TEAM = 2688MGND28;
				ENABLE_PREVIEWS = YES;
				GENERATE_INFOPLIST_FILE = YES;
				INFOPLIST_KEY_UIApplicationSceneManifest_Generation = YES;
				INFOPLIST_KEY_UIApplicationSupportsIndirectInputEvents = YES;
				INFOPLIST_KEY_UILaunchScreen_Generation = YES;
				INFOPLIST_KEY_UISupportedInterfaceOrientations_iPad = "UIInterfaceOrientationPortrait UIInterfaceOrientationPortraitUpsideDown UIInterfaceOrientationLandscapeLeft UIInterfaceOrientationLandscapeRight";
				INFOPLIST_KEY_UISupportedInterfaceOrientations_iPhone = "UIInterfaceOrientationPortrait UIInterfaceOrientationLandscapeLeft UIInterfaceOrientationLandscapeRight";
				LD_RUNPATH_SEARCH_PATHS = (
					"$(inherited)",
					"@executable_path/Frameworks",
				);
				MARKETING_VERSION = 1.0;
				PRODUCT_BUNDLE_IDENTIFIER = br.com.ECorp.Landmarks;
				PRODUCT_NAME = "$(TARGET_NAME)";
				SWIFT_EMIT_LOC_STRINGS = YES;
				SWIFT_VERSION = 5.0;
				TARGETED_DEVICE_FAMILY = "1,2";
			};
			name = Release;
		};
/* End XCBuildConfiguration section */

/* Begin XCConfigurationList section */
		8493597629DA4C9E00DB3CAE /* Build configuration list for PBXProject "Landmarks" */ = {
			isa = XCConfigurationList;
			buildConfigurations = (
				8493598729DA4CA000DB3CAE /* Debug */,
				8493598829DA4CA000DB3CAE /* Release */,
			);
			defaultConfigurationIsVisible = 0;
			defaultConfigurationName = Release;
		};
		8493598929DA4CA000DB3CAE /* Build configuration list for PBXNativeTarget "Landmarks" */ = {
			isa = XCConfigurationList;
			buildConfigurations = (
				8493598A29DA4CA000DB3CAE /* Debug */,
				8493598B29DA4CA000DB3CAE /* Release */,
			);
			defaultConfigurationIsVisible = 0;
			defaultConfigurationName = Release;
		};
/* End XCConfigurationList section */
	};
	rootObject = 8493597329DA4C9E00DB3CAE /* Project object */;
}
